{
  "name": "lagen",
  "version": "1.0.0",
  "lockfileVersion": 3,
  "requires": true,
  "packages": {
    "": {
      "name": "lagen",
      "version": "1.0.0",
      "license": "ISC",
      "dependencies": {
        "@types/node": "^20.11.0",
        "bun": "^1.0.22",
        "moment": "^2.30.1"
      },
      "devDependencies": {
        "@types/bun": "latest"
      },
      "peerDependencies": {
        "typescript": "^5.0.0"
      }
    },
    "node_modules/@oven/bun-darwin-aarch64": {
      "version": "1.0.22",
      "resolved": "https://registry.npmjs.org/@oven/bun-darwin-aarch64/-/bun-darwin-aarch64-1.0.22.tgz",
      "integrity": "sha512-BPeX5D3nkmjmNpThjxo/T5bAycjrTX32rAILdIgPtI3V2YGdYloeaqWxdOZ7bcf+aXAfjweYTA3zIKq1V5t8uQ==",
      "cpu": [
        "arm64"
      ],
      "optional": true,
      "os": [
        "darwin"
      ]
    },
    "node_modules/@oven/bun-darwin-x64": {
      "version": "1.0.22",
      "resolved": "https://registry.npmjs.org/@oven/bun-darwin-x64/-/bun-darwin-x64-1.0.22.tgz",
      "integrity": "sha512-NheA/RWtI8hFdGJTGJyBGNePUF/3M68h8iMRewuZmgSEBZCsw3O1fHYDYWnz/eipi7IzDB9KkyfHyv29qpEp8A==",
      "cpu": [
        "x64"
      ],
      "optional": true,
      "os": [
        "darwin"
      ]
    },
    "node_modules/@oven/bun-darwin-x64-baseline": {
      "version": "1.0.22",
      "resolved": "https://registry.npmjs.org/@oven/bun-darwin-x64-baseline/-/bun-darwin-x64-baseline-1.0.22.tgz",
      "integrity": "sha512-hA7B4uTwTR1gtNyO/UTOaNabeIpCa3VsQc3p8zFcctIIwzWvxauEXZFCPOf84ZW7iyX4W9s0GUHMqldST5dmew==",
      "cpu": [
        "x64"
      ],
      "optional": true,
      "os": [
        "darwin"
      ]
    },
    "node_modules/@oven/bun-linux-aarch64": {
      "version": "1.0.22",
      "resolved": "https://registry.npmjs.org/@oven/bun-linux-aarch64/-/bun-linux-aarch64-1.0.22.tgz",
      "integrity": "sha512-wAevxpBG4tKoxthVyjuWWF4bGDiYqScTcocKI3jox07Aan40RJ5Xu3RlF1vM7YnPgctKTNNGxQ9d6c4JcifwRg==",
      "cpu": [
        "arm64"
      ],
      "optional": true,
      "os": [
        "linux"
      ]
    },
    "node_modules/@oven/bun-linux-x64": {
      "version": "1.0.22",
      "resolved": "https://registry.npmjs.org/@oven/bun-linux-x64/-/bun-linux-x64-1.0.22.tgz",
      "integrity": "sha512-RzriXZap7iChJMMeYkAKEgO5rdpEjzzXz8K3aXgxqKhfKB88BXFvcMVGeQhQ3siLJIfg4sGgXUqLOFb47jSVHw==",
      "cpu": [
        "x64"
      ],
      "optional": true,
      "os": [
        "linux"
      ]
    },
    "node_modules/@oven/bun-linux-x64-baseline": {
      "version": "1.0.22",
      "resolved": "https://registry.npmjs.org/@oven/bun-linux-x64-baseline/-/bun-linux-x64-baseline-1.0.22.tgz",
      "integrity": "sha512-AgaZv3XUk4mEHUVAusLdTUGlVi6h3coCEvUR/gspoQg77MLggpTtxrTrhMcI5OXhgGsKPtVKHa6n+oMhUpoF4A==",
      "cpu": [
        "x64"
      ],
      "optional": true,
      "os": [
        "linux"
      ]
    },
    "node_modules/@types/bun": {
      "version": "1.0.1",
      "resolved": "https://registry.npmjs.org/@types/bun/-/bun-1.0.1.tgz",
      "integrity": "sha512-PPDvyihNJVW1I3Wt0C+nM/4HI5xvT2pFMmazIPHQV45yYIh0JW4G5V4KO3UZoqL9MT5RsU7nJ8KQgmixw72BfQ==",
      "dev": true,
      "dependencies": {
        "bun-types": "1.0.21"
      }
    },
    "node_modules/@types/node": {
      "version": "20.11.0",
      "resolved": "https://registry.npmjs.org/@types/node/-/node-20.11.0.tgz",
      "integrity": "sha512-o9bjXmDNcF7GbM4CNQpmi+TutCgap/K3w1JyKgxAjqx41zp9qlIAVFi0IhCNsJcXolEqLWhbFbEeL0PvYm4pcQ==",
      "dependencies": {
        "undici-types": "~5.26.4"
      }
    },
    "node_modules/@types/ws": {
      "version": "8.5.10",
      "resolved": "https://registry.npmjs.org/@types/ws/-/ws-8.5.10.tgz",
      "integrity": "sha512-vmQSUcfalpIq0R9q7uTo2lXs6eGIpt9wtnLdMv9LVpIjCA/+ufZRozlVoVelIYixx1ugCBKDhn89vnsEGOCx9A==",
      "dev": true,
      "dependencies": {
        "@types/node": "*"
      }
    },
    "node_modules/bun": {
      "version": "1.0.22",
      "resolved": "https://registry.npmjs.org/bun/-/bun-1.0.22.tgz",
      "integrity": "sha512-ONJv4SGRREx4sxWEN0iQOIHOD75C0r0m/EpLb8VyEJtTpJgNnNgT/dGxk0C/HP0wg+/M+LlerxngCDy8ACofpQ==",
      "cpu": [
        "arm64",
        "x64"
      ],
      "hasInstallScript": true,
      "os": [
        "darwin",
        "linux"
      ],
      "bin": {
        "bun": "bin/bun",
        "bunx": "bin/bun"
      },
      "optionalDependencies": {
        "@oven/bun-darwin-aarch64": "1.0.22",
        "@oven/bun-darwin-x64": "1.0.22",
        "@oven/bun-darwin-x64-baseline": "1.0.22",
        "@oven/bun-linux-aarch64": "1.0.22",
        "@oven/bun-linux-x64": "1.0.22",
        "@oven/bun-linux-x64-baseline": "1.0.22"
      }
    },
    "node_modules/bun-types": {
      "version": "1.0.21",
      "resolved": "https://registry.npmjs.org/bun-types/-/bun-types-1.0.21.tgz",
      "integrity": "sha512-Ugagjf+XZUXDvxDRa3EnhLeMzm2g8ZYFleBF55Ac3GZSzPqdMLAdK9kvZB6M1H4nAFvrEHdV2PHqkzIoNs+3wQ==",
      "dev": true,
      "dependencies": {
        "@types/node": "*",
        "@types/ws": "*",
        "undici-types": "^5.26.4"
      }
    },
    "node_modules/moment": {
      "version": "2.30.1",
      "resolved": "https://registry.npmjs.org/moment/-/moment-2.30.1.tgz",
      "integrity": "sha512-uEmtNhbDOrWPFS+hdjFCBfy9f2YoyzRpwcl+DqpC6taX21FzsTLQVbMV/W7PzNSX6x/bhC1zA3c2UQ5NzH6how==",
      "engines": {
        "node": "*"
      }
    },
    "node_modules/typescript": {
      "version": "5.3.3",
      "resolved": "https://registry.npmjs.org/typescript/-/typescript-5.3.3.tgz",
      "integrity": "sha512-pXWcraxM0uxAS+tN0AG/BF2TyqmHO014Z070UsJ+pFvYuRSq8KH8DmWpnbXe0pEPDHXZV3FcAbJkijJ5oNEnWw==",
      "peer": true,
      "bin": {
        "tsc": "bin/tsc",
        "tsserver": "bin/tsserver"
      },
      "engines": {
        "node": ">=14.17"
      }
    },
    "node_modules/undici-types": {
      "version": "5.26.5",
      "resolved": "https://registry.npmjs.org/undici-types/-/undici-types-5.26.5.tgz",
      "integrity": "sha512-JlCMO+ehdEIKqlFxk6IfVoAUVmgz7cU7zD/h9XZ0qzeosSHmUJVOzSQvvYSYWXkFXC+IfLKSIffhv0sVZup6pA=="
    }
  }
}
